# This file was autogenerated by Stack.
# You should not edit this file by hand.
# For more information, please see the documentation at:
#   https://docs.haskellstack.org/en/stable/lock_files

packages:
- completed:
    hackage: aeson-2.1.0.0@sha256:18a5e5f6f4224d04565e97cec140affb1728c488bf07ef497430ef7d95cd05ff,5959
    pantry-tree:
      size: 38191
      sha256: b6547599e564e528e357f236426fa8ed8bcc3e38b40b4c766a62fa22e0b5b930
  original:
    hackage: aeson-2.1.0.0@sha256:18a5e5f6f4224d04565e97cec140affb1728c488bf07ef497430ef7d95cd05ff,5959
- completed:
    hackage: hashable-1.4.0.2@sha256:0cddd0229d1aac305ea0404409c0bbfab81f075817bd74b8b2929eff58333e55,5005
    pantry-tree:
      size: 1248
      sha256: 51dda0aa70849588d074125f324beba1c8736cfa486e7f4a90a798b1d0e6019d
  original:
    hackage: hashable-1.4.0.2@sha256:0cddd0229d1aac305ea0404409c0bbfab81f075817bd74b8b2929eff58333e55,5005
- completed:
    hackage: microlens-platform-0.4.3.2@sha256:2c65a55daff344cb089a0fcf60d1d3918bccfd28447102b2b93fed58aa85dbbd,2861
    pantry-tree:
      size: 358
      sha256: 0baff2263153bf62fa4ee478d8b7e56762fb4eb2685ff6fa7ab8d7447097c47c
  original:
    hackage: microlens-platform-0.4.3.2@sha256:2c65a55daff344cb089a0fcf60d1d3918bccfd28447102b2b93fed58aa85dbbd,2861
- completed:
    hackage: monad-chronicle-1.0.1@sha256:6b28280dc4c5046c7ceb01b9727011474241f7c37a08d6884dbbfd99fd908ca6,1909
    pantry-tree:
      size: 388
      sha256: ad72c062be0d9a0f4a580677d9485727807d5bd26f8f938b98ba6f8b63311c95
  original:
    hackage: monad-chronicle-1.0.1@sha256:6b28280dc4c5046c7ceb01b9727011474241f7c37a08d6884dbbfd99fd908ca6,1909
- completed:
    hackage: relude-1.1.0.0@sha256:fe82b67d4560b9eff8d7dd12c5e1f786b25d52d64f7302ad82a3bbec9a0bd55e,11747
    pantry-tree:
      size: 4286
      sha256: 1482f23099d4b66e2db69e90403456c51cd2573bb0f3e51b86d449c3cf47ebc8
  original:
    hackage: relude-1.1.0.0@sha256:fe82b67d4560b9eff8d7dd12c5e1f786b25d52d64f7302ad82a3bbec9a0bd55e,11747
- completed:
    hackage: these-1.1.1.1@sha256:f069e766b8fed73d457fca20cc197f5c539bcdd03d7636e478ddf14dbb67684a,2748
    pantry-tree:
      size: 351
      sha256: 09a71077d04df022d79d341f69eb5dad8e8e103839b51f21a28920bba1e1ad9f
  original:
    hackage: these-1.1.1.1@sha256:f069e766b8fed73d457fca20cc197f5c539bcdd03d7636e478ddf14dbb67684a,2748
- completed:
    hackage: unordered-containers-0.2.19.1@sha256:7d43e557b32a30eeac22e68b8430384bf829b0b2313761026a7f103395b047d5,3638
    pantry-tree:
      size: 1517
      sha256: 1870de393820b94af9efb8fcdd31940543569cdcd3d13296bc224438b2b107d8
  original:
    hackage: unordered-containers-0.2.19.1@sha256:7d43e557b32a30eeac22e68b8430384bf829b0b2313761026a7f103395b047d5,3638
- completed:
    hackage: OneTuple-0.3.1@sha256:a848c096c9d29e82ffdd30a9998aa2931cbccb3a1bc137539d80f6174d31603e,2262
    pantry-tree:
      size: 506
      sha256: a685b08622f1fe0641e4f228a290878a1db4f7ef3eb63d00b10e8632097d1e6f
  original:
    hackage: OneTuple-0.3.1@sha256:a848c096c9d29e82ffdd30a9998aa2931cbccb3a1bc137539d80f6174d31603e,2262
- completed:
    hackage: QuickCheck-2.14.2@sha256:4ce29211223d5e6620ebceba34a3ca9ccf1c10c0cf387d48aea45599222ee5aa,7736
    pantry-tree:
      size: 2315
      sha256: 2fe423d0ed7cd64f0f165d708779f48814e66c4f181c568468134af55d86a5f8
  original:
    hackage: QuickCheck-2.14.2@sha256:4ce29211223d5e6620ebceba34a3ca9ccf1c10c0cf387d48aea45599222ee5aa,7736
- completed:
    hackage: assoc-1.0.2@sha256:e0d9d1febc172e2a1b22aacd25df7f90be557dcf12ff87359f43128f8c194d9e,1237
    pantry-tree:
      size: 290
      sha256: 760f0aa60d4beb6a893ae9f73f64f5e93dc4414487bc0c8dfa33dadffd338de9
  original:
    hackage: assoc-1.0.2@sha256:e0d9d1febc172e2a1b22aacd25df7f90be557dcf12ff87359f43128f8c194d9e,1237
- completed:
    hackage: attoparsec-0.14.4@sha256:79584bdada8b730cb5138fca8c35c76fbef75fc1d1e01e6b1d815a5ee9843191,5810
    pantry-tree:
      size: 5039
      sha256: 5b8e087f73d334019252606b1f64b986cef61946a085ccb77c6bc4d038691c48
  original:
    hackage: attoparsec-0.14.4@sha256:79584bdada8b730cb5138fca8c35c76fbef75fc1d1e01e6b1d815a5ee9843191,5810
- completed:
    hackage: base-compat-batteries-0.12.1@sha256:ee819d7570b2fda1012d29db945a1778c388ef8c0c282e45c8fe4eae7616a25c,8891
    pantry-tree:
      size: 11169
      sha256: 64edb51a988b4a362f0ba4172ad4e3d140ee69129dd68a4d08004fe506cc09ae
  original:
    hackage: base-compat-batteries-0.12.1@sha256:ee819d7570b2fda1012d29db945a1778c388ef8c0c282e45c8fe4eae7616a25c,8891
- completed:
    hackage: data-default-class-0.1.2.0@sha256:63e62120b7efd733a5a17cf59ceb43268e9a929c748127172d7d42f4a336e327,542
    pantry-tree:
      size: 224
      sha256: 5017630b11698aefa65fc61cab84a257ce97833c968d425e1b2d53d6c3b5c096
  original:
    hackage: data-default-class-0.1.2.0@sha256:63e62120b7efd733a5a17cf59ceb43268e9a929c748127172d7d42f4a336e327,542
- completed:
    hackage: data-fix-0.3.2@sha256:e909776381648a75e82438a40df33c05397b57119b80bb83e38189370319b67a,1692
    pantry-tree:
      size: 262
      sha256: 327440e3a8d6c69617f67d49e3904c8d4b69558ea9f92f7856658b930ee64717
  original:
    hackage: data-fix-0.3.2@sha256:e909776381648a75e82438a40df33c05397b57119b80bb83e38189370319b67a,1692
- completed:
    hackage: dlist-1.0@sha256:124cb3aa1decebd5171b46601b1f74cca6cfae12d266ace3799b86dd05ef7cb4,3560
    pantry-tree:
      size: 953
      sha256: 8467afe9c94b2756e5703fed0950b51418bd877acbdd72e9dc3488b8f28f4e82
  original:
    hackage: dlist-1.0@sha256:124cb3aa1decebd5171b46601b1f74cca6cfae12d266ace3799b86dd05ef7cb4,3560
- completed:
    hackage: generically-0.1@sha256:16d54a08bcdf708395c2200a28ffcba55e90479dc96ed617dbb94f0411f7a7af,1024
    pantry-tree:
      size: 232
      sha256: 302b140ee5ccf6754ab96154486051f9ab989d3cbaa7c9674e1e9f0de7cdd07b
  original:
    hackage: generically-0.1@sha256:16d54a08bcdf708395c2200a28ffcba55e90479dc96ed617dbb94f0411f7a7af,1024
- completed:
    hackage: indexed-traversable-0.1.2@sha256:d66228887242f93ccb4fc7101a1e25a6560c8e4708f6e9ee1d3dd21901756c65,2519
    pantry-tree:
      size: 495
      sha256: 7edfd8672d45016089df7227d9f6452117632a7236d4e71b24a2a1041cab4701
  original:
    hackage: indexed-traversable-0.1.2@sha256:d66228887242f93ccb4fc7101a1e25a6560c8e4708f6e9ee1d3dd21901756c65,2519
- completed:
    hackage: microlens-0.4.13.0@sha256:40794f266977558e1138ac034701fa3ff66518bc4ca6a1fba5c575d4157cf0ba,4573
    pantry-tree:
      size: 461
      sha256: 7e3c2e67a573a4ba4bd8ebff631b7a6e0e2d81fb785b9e9fcd6bd02f18743ac3
  original:
    hackage: microlens-0.4.13.0@sha256:40794f266977558e1138ac034701fa3ff66518bc4ca6a1fba5c575d4157cf0ba,4573
- completed:
    hackage: microlens-ghc-0.4.14.0@sha256:a261773f6ca4cd6a6e5028aa2b6ba1ed311c08656022beed16edd3c21536e8e6,2593
    pantry-tree:
      size: 343
      sha256: b36eef1342161945585df97699f4ab0c841d057e874b00cfa25b6240c4f0c4da
  original:
    hackage: microlens-ghc-0.4.14.0@sha256:a261773f6ca4cd6a6e5028aa2b6ba1ed311c08656022beed16edd3c21536e8e6,2593
- completed:
    hackage: microlens-mtl-0.2.0.2@sha256:ab8f264c6fecd763818c2e73740487ac371a4fd92cc32031c1c9de284a10518e,1875
    pantry-tree:
      size: 344
      sha256: 672cebfcd8f371f2841f269c4c0a35a2c1de4c6e24ebb00cdfe5b2651fcc795b
  original:
    hackage: microlens-mtl-0.2.0.2@sha256:ab8f264c6fecd763818c2e73740487ac371a4fd92cc32031c1c9de284a10518e,1875
- completed:
    hackage: microlens-th-0.4.3.10@sha256:601fe4d52e6b5e7246aedbde50ebb3096b6d7da331e603dc22d04d9dd577f7bf,2258
    pantry-tree:
      size: 558
      sha256: e66eef492e2ed16ae0ad7c5f6bee440aca15743bcc737fda3705fb36e62ae486
  original:
    hackage: microlens-th-0.4.3.10@sha256:601fe4d52e6b5e7246aedbde50ebb3096b6d7da331e603dc22d04d9dd577f7bf,2258
- completed:
    hackage: primitive-0.7.4.0@sha256:89b88a3e08493b7727fa4089b0692bfbdf7e1e666ef54635f458644eb8358764,2857
    pantry-tree:
      size: 1655
      sha256: 71a850c658b70e869da19f61615d87d9d6ecec597f0e3d4b498da56559114829
  original:
    hackage: primitive-0.7.4.0@sha256:89b88a3e08493b7727fa4089b0692bfbdf7e1e666ef54635f458644eb8358764,2857
- completed:
    hackage: scientific-0.3.7.0@sha256:76465a82beb2af6ea83ebd00684acc0ffe659e7da7066329931dc8f02fc97507,4826
    pantry-tree:
      size: 657
      sha256: 2e5436cd8a2d2fa045aadc7619aa06cf18f4f77d01b70d8c517213b718b69a2b
  original:
    hackage: scientific-0.3.7.0@sha256:76465a82beb2af6ea83ebd00684acc0ffe659e7da7066329931dc8f02fc97507,4826
- completed:
    hackage: semialign-1.2.0.1@sha256:2ab22ab4f7e67028a745e549ae49f1ddecbd83e62d7e6ecce4ab0685410da536,2836
    pantry-tree:
      size: 537
      sha256: 3ba68adbdcb1927d1bca9d9f3889cbe65e10fd3907675e35bb81271e74e59de6
  original:
    hackage: semialign-1.2.0.1@sha256:2ab22ab4f7e67028a745e549ae49f1ddecbd83e62d7e6ecce4ab0685410da536,2836
- completed:
    hackage: semigroupoids-5.3.7@sha256:fb1a86c250997c269106645724a67bc358235245cf385b589f855ac070d4ada0,7488
    pantry-tree:
      size: 2404
      sha256: 1ddbcc4c07bb3a195e718ecd432caa37f9b25c4d4b3fe270d16f480a3d925c4a
  original:
    hackage: semigroupoids-5.3.7@sha256:fb1a86c250997c269106645724a67bc358235245cf385b589f855ac070d4ada0,7488
- completed:
    hackage: strict-0.4.0.1@sha256:d6205a748eb8db4cd17a7179be970c94598809709294ccfa43159c7f3cc4bf5d,4187
    pantry-tree:
      size: 654
      sha256: 2a8171b3ff2960552163a6e1dbb640b83e049f22a5b7764cc27c0941334496bd
  original:
    hackage: strict-0.4.0.1@sha256:d6205a748eb8db4cd17a7179be970c94598809709294ccfa43159c7f3cc4bf5d,4187
- completed:
    hackage: tagged-0.8.6.1@sha256:8a24aef29b8e35447ccc56658ea07c2aded30bfa8130ea057e382936e17c74a6,2874
    pantry-tree:
      size: 496
      sha256: 38c9b55d6918304b17a6c70a51ad9d981e9f64e08121482d9a801d4e4681a7db
  original:
    hackage: tagged-0.8.6.1@sha256:8a24aef29b8e35447ccc56658ea07c2aded30bfa8130ea057e382936e17c74a6,2874
- completed:
    hackage: text-short-0.1.5@sha256:962c6228555debdc46f758d0317dea16e5240d01419b42966674b08a5c3d8fa6,3498
    pantry-tree:
      size: 727
      sha256: 1fc6561c4acb94a41e58cd8f8c7cce161c18c5629dac63a54a9c62f9c778c52b
  original:
    hackage: text-short-0.1.5@sha256:962c6228555debdc46f758d0317dea16e5240d01419b42966674b08a5c3d8fa6,3498
- completed:
    hackage: th-abstraction-0.4.4.0@sha256:89aa9d81c94883c9e16c3534041f31949194011fdcf43be450f090bfb300b58d,2148
    pantry-tree:
      size: 670
      sha256: 4ba3b66edafbc0a947bf94033d66fdff72f19cd64da14f812bbf61064c865f46
  original:
    hackage: th-abstraction-0.4.4.0@sha256:89aa9d81c94883c9e16c3534041f31949194011fdcf43be450f090bfb300b58d,2148
- completed:
    hackage: time-compat-1.9.6.1@sha256:42d8f2e08e965e1718917d54ad69e1d06bd4b87d66c41dc7410f59313dba4ed1,5033
    pantry-tree:
      size: 4113
      sha256: b262c5ae8d72d2073d12e1de1863abd234fad8c138df28f32bb51bc232ced608
  original:
    hackage: time-compat-1.9.6.1@sha256:42d8f2e08e965e1718917d54ad69e1d06bd4b87d66c41dc7410f59313dba4ed1,5033
- completed:
    hackage: transformers-compat-0.7.2@sha256:044fb9955f63ee138fcebedfdcbe54afe741f2d5892a2d0bdf3a8052bd342643,5601
    pantry-tree:
      size: 1724
      sha256: f49610c6a2faf82111e5d4222576f4afbcfa904bf56665232c5aa077dfc7578f
  original:
    hackage: transformers-compat-0.7.2@sha256:044fb9955f63ee138fcebedfdcbe54afe741f2d5892a2d0bdf3a8052bd342643,5601
- completed:
    hackage: uuid-types-1.0.5@sha256:8447b8a08723877400da13b6329b3fb19ea9e4c20fabe62888841eb3708d7474,2608
    pantry-tree:
      size: 480
      sha256: 53d0b46a614d80bc1dfa5f51bffa7cab89a88dfe4f46d24b505cf696604f33b6
  original:
    hackage: uuid-types-1.0.5@sha256:8447b8a08723877400da13b6329b3fb19ea9e4c20fabe62888841eb3708d7474,2608
- completed:
    hackage: vector-0.13.0.0@sha256:ec337a1371bc306658e8338612e975f37a3f7700716441608b7afb66ae356d4c,8774
    pantry-tree:
      size: 4092
      sha256: 61263e71050e1c895bb67e4c0f05497419818e8e79b8bff9e3eabf17759e3232
  original:
    hackage: vector-0.13.0.0@sha256:ec337a1371bc306658e8338612e975f37a3f7700716441608b7afb66ae356d4c,8774
- completed:
    hackage: witherable-0.4.2@sha256:cccb36175e088abb4291ee5044b8c04d71acd5c36636902d2520f91508dd4bb8,2294
    pantry-tree:
      size: 384
      sha256: 614b5410bc909e3f230d440c9c2de812d77490c955929ff8e4eed592e7696fcf
  original:
    hackage: witherable-0.4.2@sha256:cccb36175e088abb4291ee5044b8c04d71acd5c36636902d2520f91508dd4bb8,2294
- completed:
    hackage: base-compat-0.12.1@sha256:20e50848d9dfee1523fafe8950060b04fae43d402c15553da5c7cacd116f7846,6960
    pantry-tree:
      size: 9038
      sha256: 2f2c14615443954f117613d77835234b598718e611fb4cf4522e01980bf1bcbd
  original:
    hackage: base-compat-0.12.1@sha256:20e50848d9dfee1523fafe8950060b04fae43d402c15553da5c7cacd116f7846,6960
- completed:
    hackage: base-orphans-0.8.6@sha256:eb6758d0160d607e0c45dbd6b196f515b9a589fd4f6d2f926929dd5d56282d37,3175
    pantry-tree:
      size: 1272
      sha256: f889d6903383305688e6e703982bfdc985649b7d4538429e44f98f99d8f73c07
  original:
    hackage: base-orphans-0.8.6@sha256:eb6758d0160d607e0c45dbd6b196f515b9a589fd4f6d2f926929dd5d56282d37,3175
- completed:
    hackage: bifunctors-5.5.12@sha256:be0f858c893274deab8aa21f9e43b2f5931d9419604f23f82bb5c8a5d9b2c3e9,3948
    pantry-tree:
      size: 1758
      sha256: 63073a0d1ebc4d3a3d59ed8b5a77c6510bc25f4b357e5c51df1bd772a41f591c
  original:
    hackage: bifunctors-5.5.12@sha256:be0f858c893274deab8aa21f9e43b2f5931d9419604f23f82bb5c8a5d9b2c3e9,3948
- completed:
    hackage: comonad-5.0.8@sha256:1f1aabd73ec7f80f20cf078a748a60cd48d8e57277802fdf6a9ab3601a9b8f7e,3631
    pantry-tree:
      size: 1618
      sha256: 394660fe7fa4127e5a181890bce28b9fcd6eb180ba25aa5566bc8b5bdd385517
  original:
    hackage: comonad-5.0.8@sha256:1f1aabd73ec7f80f20cf078a748a60cd48d8e57277802fdf6a9ab3601a9b8f7e,3631
- completed:
    hackage: contravariant-1.5.5@sha256:470ed0e040e879e2da4af1b2c8f94e199f6135852a8107858d5ae0a95365835f,3041
    pantry-tree:
      size: 652
      sha256: 9eb62fea28548dc8a0f60fd47c12843092b78b24ed771b8ad63a0bb34dba8bc4
  original:
    hackage: contravariant-1.5.5@sha256:470ed0e040e879e2da4af1b2c8f94e199f6135852a8107858d5ae0a95365835f,3041
- completed:
    hackage: distributive-0.6.2.1@sha256:0f99f5541cca04acf89b64432b03422b6408e830a8dff30e6c4334ef1a48680c,2996
    pantry-tree:
      size: 735
      sha256: a42bed5fe0ba295643538312dee6c9436314c05a6f7efdd32b4303979f8bd744
  original:
    hackage: distributive-0.6.2.1@sha256:0f99f5541cca04acf89b64432b03422b6408e830a8dff30e6c4334ef1a48680c,2996
- completed:
    hackage: indexed-traversable-instances-0.1.1@sha256:8b3f359bf1ffb73ab2a3327a6985b3587ae38f6b8f7705dccd724e118e63a598,3246
    pantry-tree:
      size: 480
      sha256: 5fd36ec0df3d99a44300b9b405256da4affc5c3608a620d3781466186f30118f
  original:
    hackage: indexed-traversable-instances-0.1.1@sha256:8b3f359bf1ffb73ab2a3327a6985b3587ae38f6b8f7705dccd724e118e63a598,3246
- completed:
    hackage: integer-logarithms-1.0.3.1@sha256:b65e11ec6f4b29c5278716da0544b951a49ab5310608df0fc41eec29f15691d9,3229
    pantry-tree:
      size: 865
      sha256: 804c8c0d77470f84640ee70c66155f770798e295c0a0572e41d071f69e24ca4e
  original:
    hackage: integer-logarithms-1.0.3.1@sha256:b65e11ec6f4b29c5278716da0544b951a49ab5310608df0fc41eec29f15691d9,3229
- completed:
    hackage: random-1.2.1.1@sha256:dea1f11e5569332dc6c8efaad1cb301016a5587b6754943a49f9de08ae0e56d9,6541
    pantry-tree:
      size: 1528
      sha256: 646ee77fe01178837ee928b61ae8653dcf190e9b5353ebebd094079c77a18b76
  original:
    hackage: random-1.2.1.1@sha256:dea1f11e5569332dc6c8efaad1cb301016a5587b6754943a49f9de08ae0e56d9,6541
- completed:
    hackage: splitmix-0.1.0.4@sha256:714a55fd28d3e2533bd5b49e74f604ef8e5d7b06f249c8816f6c54aed431dcf1,6483
    pantry-tree:
      size: 1519
      sha256: 79f4645c11b7a3861db0b596297f72804f509444d639a8fd7c0162b1ed80c578
  original:
    hackage: splitmix-0.1.0.4@sha256:714a55fd28d3e2533bd5b49e74f604ef8e5d7b06f249c8816f6c54aed431dcf1,6483
- completed:
    hackage: vector-stream-0.1.0.0@sha256:5500b39bd69ba5384638db0b451c8eaf40ef52544355741bd73436b0da9ec3a8,1336
    pantry-tree:
      size: 325
      sha256: 99de0751367cf53df872999edfb9e3c24207cf946442ccccf7487d74c7f12c1d
  original:
    hackage: vector-stream-0.1.0.0@sha256:5500b39bd69ba5384638db0b451c8eaf40ef52544355741bd73436b0da9ec3a8,1336
- completed:
    hackage: StateVar-1.2.2@sha256:3c022c00485fe165e3080d5da6b3ca9c9b02f62c5deebc584d1b3d1309ce673e,1673
    pantry-tree:
      size: 314
      sha256: 204cac98219e99334f47b12c565945611748ea03a4d629273dd697d738bcfd7f
  original:
    hackage: StateVar-1.2.2@sha256:3c022c00485fe165e3080d5da6b3ca9c9b02f62c5deebc584d1b3d1309ce673e,1673
- completed:
    hackage: pretty-terminal-0.1.0.0@sha256:e9135d86ebb2a8e3aaf5a79088de4628dbd49988388e0fbfc26c5ecb3c399ad9,1638
    pantry-tree:
      size: 385
      sha256: fecec01e618890c284e57cb873b8f9531f479562b7cf08497aef097da3ef90ec
  original:
    hackage: pretty-terminal-0.1.0.0@sha256:e9135d86ebb2a8e3aaf5a79088de4628dbd49988388e0fbfc26c5ecb3c399ad9,1638
snapshots: []
