# This file was autogenerated by Stack.
# You should not edit this file by hand.
# For more information, please see the documentation at:
#   https://docs.haskellstack.org/en/stable/lock_files

packages:
- completed:
    hackage: pretty-terminal-0.1.0.0@sha256:e9135d86ebb2a8e3aaf5a79088de4628dbd49988388e0fbfc26c5ecb3c399ad9,1638
    pantry-tree:
      size: 385
      sha256: fecec01e618890c284e57cb873b8f9531f479562b7cf08497aef097da3ef90ec
  original:
    hackage: pretty-terminal-0.1.0.0@sha256:e9135d86ebb2a8e3aaf5a79088de4628dbd49988388e0fbfc26c5ecb3c399ad9,1638
- completed:
    hackage: tasty-1.4.2.1@sha256:4f97a51e348ec1d5fcbc9fa0dae5e33ff41d8ce4f679a306bf7a46dc52f7a1ba,2827
    pantry-tree:
      size: 1944
      sha256: 3cb7f23d69f58f3902d77f007f5cddb431197feb7656b19daecc78fc1d615dbe
  original:
    hackage: tasty-1.4.2.1@sha256:4f97a51e348ec1d5fcbc9fa0dae5e33ff41d8ce4f679a306bf7a46dc52f7a1ba,2827
- completed:
    hackage: tasty-golden-2.3.5@sha256:09bb4d8adceea6ab3dbc4ad29470c5e6dee09173e2e1b3fb0fabfd1bc50469a8,2810
    pantry-tree:
      size: 1485
      sha256: f4c85c128e9c0f934cbca8cf69259e0c935b07e28007d83a75387c28aa34fe6b
  original:
    hackage: tasty-golden-2.3.5@sha256:09bb4d8adceea6ab3dbc4ad29470c5e6dee09173e2e1b3fb0fabfd1bc50469a8,2810
- completed:
    hackage: tasty-hunit-0.10.0.3@sha256:ba774024f3a26100c559dbef41e030bdf443408ed848691f7b9aa85b6fb218c3,1545
    pantry-tree:
      size: 399
      sha256: c82bce9c756f82fa9221fc2f89b8fa52858d630a388b9288af90cb0c03e084de
  original:
    hackage: tasty-hunit-0.10.0.3@sha256:ba774024f3a26100c559dbef41e030bdf443408ed848691f7b9aa85b6fb218c3,1545
- completed:
    hackage: ansi-terminal-0.11.1@sha256:e8428fcd5fe9d4e8a796a0c8107b7288a0a93ffaa8d761cf51f803384284bd77,3321
    pantry-tree:
      size: 1461
      sha256: 766e3636d5d638f5c451b7384ca08907622ac7ecae643df75497b53f09c97ac2
  original:
    hackage: ansi-terminal-0.11.1@sha256:e8428fcd5fe9d4e8a796a0c8107b7288a0a93ffaa8d761cf51f803384284bd77,3321
- completed:
    hackage: async-2.2.4@sha256:b83dec34a53520de84c6dd3dc7aae45d22409b46eb471c478b98108215a370f0,3095
    pantry-tree:
      size: 501
      sha256: 08b8a9f8d2e27d51b04fb9c14f65e1209c7f24160d2a4557963900edb2c0f07d
  original:
    hackage: async-2.2.4@sha256:b83dec34a53520de84c6dd3dc7aae45d22409b46eb471c478b98108215a370f0,3095
- completed:
    hackage: call-stack-0.4.0@sha256:ac44d2c00931dc20b01750da8c92ec443eb63a7231e8550188cb2ac2385f7feb,1200
    pantry-tree:
      size: 501
      sha256: 04134fa69cdd824b4e4bb7f77e7173e0705f27deabdbbf99549c549400191e1e
  original:
    hackage: call-stack-0.4.0@sha256:ac44d2c00931dc20b01750da8c92ec443eb63a7231e8550188cb2ac2385f7feb,1200
- completed:
    hackage: clock-0.8.3@sha256:a692159828c2cd278eaec317b3a7e9fb6d7b787c8a19f086004d15d9fa1fd72c,4601
    pantry-tree:
      size: 499
      sha256: 3e62393d5c7671b21d8aa84ef9ee0550334053711c80b5beeca295466a6615c7
  original:
    hackage: clock-0.8.3@sha256:a692159828c2cd278eaec317b3a7e9fb6d7b787c8a19f086004d15d9fa1fd72c,4601
- completed:
    hackage: optparse-applicative-0.17.0.0@sha256:0713e54cbb341e5cae979e2ac441eb3a5ff42e303001f432bd58c19e5638bdda,4967
    pantry-tree:
      size: 3124
      sha256: 3b4398845ee6718fe2303870a5ab75bd190eb712fed2f22caaae30f790c490fd
  original:
    hackage: optparse-applicative-0.17.0.0@sha256:0713e54cbb341e5cae979e2ac441eb3a5ff42e303001f432bd58c19e5638bdda,4967
- completed:
    hackage: tagged-0.8.6.1@sha256:29c67d98a4404607f024750ab9c7210dadcbbef4e1944c48c52902f2071b2662,2874
    pantry-tree:
      size: 496
      sha256: 4548d4f2d43e25a182ac6f5da34364c4a41a1da88468c671445a0bf2a70c130c
  original:
    hackage: tagged-0.8.6.1@sha256:29c67d98a4404607f024750ab9c7210dadcbbef4e1944c48c52902f2071b2662,2874
- completed:
    hackage: temporary-1.3@sha256:3a66c136f700dbf42f3c5000ca93e80b26dead51e54322c83272b236c1ec8ef1,1485
    pantry-tree:
      size: 318
      sha256: 5bfb8569e9c83e1b17604fc4375b5efd280f28146a7c42524f13a986f5a3bbc5
  original:
    hackage: temporary-1.3@sha256:3a66c136f700dbf42f3c5000ca93e80b26dead51e54322c83272b236c1ec8ef1,1485
- completed:
    hackage: typed-process-0.2.8.0@sha256:04debca208eab3457c9cc10ede1e5ea6f004174b9ac023af6519a2266de49cf6,2051
    pantry-tree:
      size: 529
      sha256: b441b58d13b65763d9dfadf978a522130df17154fb15613b79ac6e57f36dd41f
  original:
    hackage: typed-process-0.2.8.0@sha256:04debca208eab3457c9cc10ede1e5ea6f004174b9ac023af6519a2266de49cf6,2051
- completed:
    hackage: unbounded-delays-0.1.1.1@sha256:d7a2a49f15bdff2a8bdbd76f9d204580ea4be5a9def500c6371d51d8111cbcbe,1209
    pantry-tree:
      size: 360
      sha256: 594444ec1752b280cad420f2c410cf45caebe65b844202bceb5a6438068e8ba9
  original:
    hackage: unbounded-delays-0.1.1.1@sha256:d7a2a49f15bdff2a8bdbd76f9d204580ea4be5a9def500c6371d51d8111cbcbe,1209
- completed:
    hackage: wcwidth-0.0.2@sha256:77531eb6683c505c22ab3fa11bbc43d3ce1e7dac21401d4d5a19677d348bb5f3,1998
    pantry-tree:
      size: 328
      sha256: e41a76d32d11404240c0f5263e9f6dc9874083a1119db703ee65c28ed76f4505
  original:
    hackage: wcwidth-0.0.2@sha256:77531eb6683c505c22ab3fa11bbc43d3ce1e7dac21401d4d5a19677d348bb5f3,1998
- completed:
    hackage: ansi-wl-pprint-0.6.9@sha256:212144ea0623b1170807a4162db05d87f26cf10b334aeadd0edb377aba06a1ce,2425
    pantry-tree:
      size: 472
      sha256: 0a2390ba39c3b84f68e382cb25b58cea66d61a89dab818bb5e2a6c12642e2e21
  original:
    hackage: ansi-wl-pprint-0.6.9@sha256:212144ea0623b1170807a4162db05d87f26cf10b334aeadd0edb377aba06a1ce,2425
- completed:
    hackage: colour-2.3.6@sha256:ebdcbf15023958838a527e381ab3c3b1e99ed12d1b25efeb7feaa4ad8c37664a,2378
    pantry-tree:
      size: 1183
      sha256: 03f8e22f364deb86098dbfbe0bf83c896437b2355f139abdac0402658fb6ac7e
  original:
    hackage: colour-2.3.6@sha256:ebdcbf15023958838a527e381ab3c3b1e99ed12d1b25efeb7feaa4ad8c37664a,2378
- completed:
    hackage: hashable-1.4.0.2@sha256:0cddd0229d1aac305ea0404409c0bbfab81f075817bd74b8b2929eff58333e55,5005
    pantry-tree:
      size: 1248
      sha256: 51dda0aa70849588d074125f324beba1c8736cfa486e7f4a90a798b1d0e6019d
  original:
    hackage: hashable-1.4.0.2@sha256:0cddd0229d1aac305ea0404409c0bbfab81f075817bd74b8b2929eff58333e55,5005
- completed:
    hackage: random-1.2.1@sha256:8bee24dc0c985a90ee78d94c61f8aed21c49633686f0f1c14c5078d818ee43a2,6598
    pantry-tree:
      size: 1528
      sha256: 8bdc994ce41f43624ab42302a881fe5a0f81d965f5d238841e24943664681a06
  original:
    hackage: random-1.2.1@sha256:8bee24dc0c985a90ee78d94c61f8aed21c49633686f0f1c14c5078d818ee43a2,6598
- completed:
    hackage: transformers-compat-0.7.1@sha256:873ef500790cae136d14b2e890da1fe4df963e372f21b1671fa3c6cdfb23b10f,5807
    pantry-tree:
      size: 1724
      sha256: e55fbafc570488d3303ed79c7e3e74413dabbbe4a9d860d1958e5a1b27930079
  original:
    hackage: transformers-compat-0.7.1@sha256:873ef500790cae136d14b2e890da1fe4df963e372f21b1671fa3c6cdfb23b10f,5807
- completed:
    hackage: unliftio-core-0.2.0.1@sha256:f9abcdd3f3d28e4840563efb7b8760d2de9b5707bcd6f53a87f6a0d77bb5a9f7,1082
    pantry-tree:
      size: 328
      sha256: 9955bc1336dd07c94928892f1a97aed6e5fe63a4242f089a0efd2e95174490ea
  original:
    hackage: unliftio-core-0.2.0.1@sha256:f9abcdd3f3d28e4840563efb7b8760d2de9b5707bcd6f53a87f6a0d77bb5a9f7,1082
- completed:
    hackage: base-orphans-0.8.6@sha256:eb6758d0160d607e0c45dbd6b196f515b9a589fd4f6d2f926929dd5d56282d37,3175
    pantry-tree:
      size: 1272
      sha256: f889d6903383305688e6e703982bfdc985649b7d4538429e44f98f99d8f73c07
  original:
    hackage: base-orphans-0.8.6@sha256:eb6758d0160d607e0c45dbd6b196f515b9a589fd4f6d2f926929dd5d56282d37,3175
- completed:
    hackage: splitmix-0.1.0.4@sha256:714a55fd28d3e2533bd5b49e74f604ef8e5d7b06f249c8816f6c54aed431dcf1,6483
    pantry-tree:
      size: 1519
      sha256: 79f4645c11b7a3861db0b596297f72804f509444d639a8fd7c0162b1ed80c578
  original:
    hackage: splitmix-0.1.0.4@sha256:714a55fd28d3e2533bd5b49e74f604ef8e5d7b06f249c8816f6c54aed431dcf1,6483
snapshots: []
