# This file was autogenerated by Stack.
# You should not edit this file by hand.
# For more information, please see the documentation at:
#   https://docs.haskellstack.org/en/stable/lock_files

packages:
- completed:
    hackage: aeson-2.1.0.0@sha256:18a5e5f6f4224d04565e97cec140affb1728c488bf07ef497430ef7d95cd05ff,5959
    pantry-tree:
      size: 38191
      sha256: b6547599e564e528e357f236426fa8ed8bcc3e38b40b4c766a62fa22e0b5b930
  original:
    hackage: aeson-2.1.0.0@sha256:18a5e5f6f4224d04565e97cec140affb1728c488bf07ef497430ef7d95cd05ff,5959
- completed:
    hackage: hashable-1.4.0.2@sha256:0cddd0229d1aac305ea0404409c0bbfab81f075817bd74b8b2929eff58333e55,5005
    pantry-tree:
      size: 1248
      sha256: 51dda0aa70849588d074125f324beba1c8736cfa486e7f4a90a798b1d0e6019d
  original:
    hackage: hashable-1.4.0.2@sha256:0cddd0229d1aac305ea0404409c0bbfab81f075817bd74b8b2929eff58333e55,5005
- completed:
    hackage: microlens-platform-0.4.3.2@sha256:2c65a55daff344cb089a0fcf60d1d3918bccfd28447102b2b93fed58aa85dbbd,2861
    pantry-tree:
      size: 358
      sha256: 0baff2263153bf62fa4ee478d8b7e56762fb4eb2685ff6fa7ab8d7447097c47c
  original:
    hackage: microlens-platform-0.4.3.2@sha256:2c65a55daff344cb089a0fcf60d1d3918bccfd28447102b2b93fed58aa85dbbd,2861
- completed:
    hackage: monad-chronicle-1.0.1@sha256:6b28280dc4c5046c7ceb01b9727011474241f7c37a08d6884dbbfd99fd908ca6,1909
    pantry-tree:
      size: 388
      sha256: ad72c062be0d9a0f4a580677d9485727807d5bd26f8f938b98ba6f8b63311c95
  original:
    hackage: monad-chronicle-1.0.1@sha256:6b28280dc4c5046c7ceb01b9727011474241f7c37a08d6884dbbfd99fd908ca6,1909
- completed:
    hackage: relude-1.1.0.0@sha256:fe82b67d4560b9eff8d7dd12c5e1f786b25d52d64f7302ad82a3bbec9a0bd55e,11747
    pantry-tree:
      size: 4286
      sha256: 1482f23099d4b66e2db69e90403456c51cd2573bb0f3e51b86d449c3cf47ebc8
  original:
    hackage: relude-1.1.0.0@sha256:fe82b67d4560b9eff8d7dd12c5e1f786b25d52d64f7302ad82a3bbec9a0bd55e,11747
- completed:
    hackage: these-1.1.1.1@sha256:f069e766b8fed73d457fca20cc197f5c539bcdd03d7636e478ddf14dbb67684a,2748
    pantry-tree:
      size: 351
      sha256: 09a71077d04df022d79d341f69eb5dad8e8e103839b51f21a28920bba1e1ad9f
  original:
    hackage: these-1.1.1.1@sha256:f069e766b8fed73d457fca20cc197f5c539bcdd03d7636e478ddf14dbb67684a,2748
- completed:
    hackage: unordered-containers-0.2.19.1@sha256:7d43e557b32a30eeac22e68b8430384bf829b0b2313761026a7f103395b047d5,3638
    pantry-tree:
      size: 1517
      sha256: 1870de393820b94af9efb8fcdd31940543569cdcd3d13296bc224438b2b107d8
  original:
    hackage: unordered-containers-0.2.19.1@sha256:7d43e557b32a30eeac22e68b8430384bf829b0b2313761026a7f103395b047d5,3638
- completed:
    hackage: OneTuple-0.3.1@sha256:a848c096c9d29e82ffdd30a9998aa2931cbccb3a1bc137539d80f6174d31603e,2262
    pantry-tree:
      size: 506
      sha256: a685b08622f1fe0641e4f228a290878a1db4f7ef3eb63d00b10e8632097d1e6f
  original:
    hackage: OneTuple-0.3.1@sha256:a848c096c9d29e82ffdd30a9998aa2931cbccb3a1bc137539d80f6174d31603e,2262
- completed:
    hackage: QuickCheck-2.14.2@sha256:4ce29211223d5e6620ebceba34a3ca9ccf1c10c0cf387d48aea45599222ee5aa,7736
    pantry-tree:
      size: 2315
      sha256: 2fe423d0ed7cd64f0f165d708779f48814e66c4f181c568468134af55d86a5f8
  original:
    hackage: QuickCheck-2.14.2@sha256:4ce29211223d5e6620ebceba34a3ca9ccf1c10c0cf387d48aea45599222ee5aa,7736
- completed:
    hackage: assoc-1.0.2@sha256:e0d9d1febc172e2a1b22aacd25df7f90be557dcf12ff87359f43128f8c194d9e,1237
    pantry-tree:
      size: 290
      sha256: 760f0aa60d4beb6a893ae9f73f64f5e93dc4414487bc0c8dfa33dadffd338de9
  original:
    hackage: assoc-1.0.2@sha256:e0d9d1febc172e2a1b22aacd25df7f90be557dcf12ff87359f43128f8c194d9e,1237
- completed:
    hackage: attoparsec-0.14.4@sha256:79584bdada8b730cb5138fca8c35c76fbef75fc1d1e01e6b1d815a5ee9843191,5810
    pantry-tree:
      size: 5039
      sha256: 5b8e087f73d334019252606b1f64b986cef61946a085ccb77c6bc4d038691c48
  original:
    hackage: attoparsec-0.14.4@sha256:79584bdada8b730cb5138fca8c35c76fbef75fc1d1e01e6b1d815a5ee9843191,5810
- completed:
    hackage: base-compat-batteries-0.12.1@sha256:ee819d7570b2fda1012d29db945a1778c388ef8c0c282e45c8fe4eae7616a25c,8891
    pantry-tree:
      size: 11169
      sha256: 64edb51a988b4a362f0ba4172ad4e3d140ee69129dd68a4d08004fe506cc09ae
  original:
    hackage: base-compat-batteries-0.12.1@sha256:ee819d7570b2fda1012d29db945a1778c388ef8c0c282e45c8fe4eae7616a25c,8891
- completed:
    hackage: data-default-class-0.1.2.0@sha256:63e62120b7efd733a5a17cf59ceb43268e9a929c748127172d7d42f4a336e327,542
    pantry-tree:
      size: 224
      sha256: 5017630b11698aefa65fc61cab84a257ce97833c968d425e1b2d53d6c3b5c096
  original:
    hackage: data-default-class-0.1.2.0@sha256:63e62120b7efd733a5a17cf59ceb43268e9a929c748127172d7d42f4a336e327,542
- completed:
    hackage: data-fix-0.3.2@sha256:e909776381648a75e82438a40df33c05397b57119b80bb83e38189370319b67a,1692
    pantry-tree:
      size: 262
      sha256: 327440e3a8d6c69617f67d49e3904c8d4b69558ea9f92f7856658b930ee64717
  original:
    hackage: data-fix-0.3.2@sha256:e909776381648a75e82438a40df33c05397b57119b80bb83e38189370319b67a,1692
- completed:
    hackage: dlist-1.0@sha256:124cb3aa1decebd5171b46601b1f74cca6cfae12d266ace3799b86dd05ef7cb4,3560
    pantry-tree:
      size: 953
      sha256: 8467afe9c94b2756e5703fed0950b51418bd877acbdd72e9dc3488b8f28f4e82
  original:
    hackage: dlist-1.0@sha256:124cb3aa1decebd5171b46601b1f74cca6cfae12d266ace3799b86dd05ef7cb4,3560
- completed:
    hackage: generically-0.1@sha256:16d54a08bcdf708395c2200a28ffcba55e90479dc96ed617dbb94f0411f7a7af,1024
    pantry-tree:
      size: 232
      sha256: 302b140ee5ccf6754ab96154486051f9ab989d3cbaa7c9674e1e9f0de7cdd07b
  original:
    hackage: generically-0.1@sha256:16d54a08bcdf708395c2200a28ffcba55e90479dc96ed617dbb94f0411f7a7af,1024
- completed:
    hackage: indexed-traversable-0.1.2@sha256:d66228887242f93ccb4fc7101a1e25a6560c8e4708f6e9ee1d3dd21901756c65,2519
    pantry-tree:
      size: 495
      sha256: 7edfd8672d45016089df7227d9f6452117632a7236d4e71b24a2a1041cab4701
  original:
    hackage: indexed-traversable-0.1.2@sha256:d66228887242f93ccb4fc7101a1e25a6560c8e4708f6e9ee1d3dd21901756c65,2519
- completed:
    hackage: microlens-0.4.13.0@sha256:40794f266977558e1138ac034701fa3ff66518bc4ca6a1fba5c575d4157cf0ba,4573
    pantry-tree:
      size: 461
      sha256: 7e3c2e67a573a4ba4bd8ebff631b7a6e0e2d81fb785b9e9fcd6bd02f18743ac3
  original:
    hackage: microlens-0.4.13.0@sha256:40794f266977558e1138ac034701fa3ff66518bc4ca6a1fba5c575d4157cf0ba,4573
- completed:
    hackage: microlens-ghc-0.4.14.0@sha256:a261773f6ca4cd6a6e5028aa2b6ba1ed311c08656022beed16edd3c21536e8e6,2593
    pantry-tree:
      size: 343
      sha256: b36eef1342161945585df97699f4ab0c841d057e874b00cfa25b6240c4f0c4da
  original:
    hackage: microlens-ghc-0.4.14.0@sha256:a261773f6ca4cd6a6e5028aa2b6ba1ed311c08656022beed16edd3c21536e8e6,2593
- completed:
    hackage: microlens-mtl-0.2.0.2@sha256:ab8f264c6fecd763818c2e73740487ac371a4fd92cc32031c1c9de284a10518e,1875
    pantry-tree:
      size: 344
      sha256: 672cebfcd8f371f2841f269c4c0a35a2c1de4c6e24ebb00cdfe5b2651fcc795b
  original:
    hackage: microlens-mtl-0.2.0.2@sha256:ab8f264c6fecd763818c2e73740487ac371a4fd92cc32031c1c9de284a10518e,1875
- completed:
    hackage: microlens-th-0.4.3.10@sha256:601fe4d52e6b5e7246aedbde50ebb3096b6d7da331e603dc22d04d9dd577f7bf,2258
    pantry-tree:
      size: 558
      sha256: e66eef492e2ed16ae0ad7c5f6bee440aca15743bcc737fda3705fb36e62ae486
  original:
    hackage: microlens-th-0.4.3.10@sha256:601fe4d52e6b5e7246aedbde50ebb3096b6d7da331e603dc22d04d9dd577f7bf,2258
- completed:
    hackage: primitive-0.7.4.0@sha256:89b88a3e08493b7727fa4089b0692bfbdf7e1e666ef54635f458644eb8358764,2857
    pantry-tree:
      size: 1655
      sha256: 71a850c658b70e869da19f61615d87d9d6ecec597f0e3d4b498da56559114829
  original:
    hackage: primitive-0.7.4.0@sha256:89b88a3e08493b7727fa4089b0692bfbdf7e1e666ef54635f458644eb8358764,2857
- completed:
    hackage: scientific-0.3.7.0@sha256:76465a82beb2af6ea83ebd00684acc0ffe659e7da7066329931dc8f02fc97507,4826
    pantry-tree:
      size: 657
      sha256: 2e5436cd8a2d2fa045aadc7619aa06cf18f4f77d01b70d8c517213b718b69a2b
  original:
    hackage: scientific-0.3.7.0@sha256:76465a82beb2af6ea83ebd00684acc0ffe659e7da7066329931dc8f02fc97507,4826
- completed:
    hackage: semialign-1.2.0.1@sha256:2ab22ab4f7e67028a745e549ae49f1ddecbd83e62d7e6ecce4ab0685410da536,2836
    pantry-tree:
      size: 537
      sha256: 3ba68adbdcb1927d1bca9d9f3889cbe65e10fd3907675e35bb81271e74e59de6
  original:
    hackage: semialign-1.2.0.1@sha256:2ab22ab4f7e67028a745e549ae49f1ddecbd83e62d7e6ecce4ab0685410da536,2836
- completed:
    hackage: semigroupoids-5.3.7@sha256:fb1a86c250997c269106645724a67bc358235245cf385b589f855ac070d4ada0,7488
    pantry-tree:
      size: 2404
      sha256: 1ddbcc4c07bb3a195e718ecd432caa37f9b25c4d4b3fe270d16f480a3d925c4a
  original:
    hackage: semigroupoids-5.3.7@sha256:fb1a86c250997c269106645724a67bc358235245cf385b589f855ac070d4ada0,7488
- completed:
    hackage: strict-0.4.0.1@sha256:d6205a748eb8db4cd17a7179be970c94598809709294ccfa43159c7f3cc4bf5d,4187
    pantry-tree:
      size: 654
      sha256: 2a8171b3ff2960552163a6e1dbb640b83e049f22a5b7764cc27c0941334496bd
  original:
    hackage: strict-0.4.0.1@sha256:d6205a748eb8db4cd17a7179be970c94598809709294ccfa43159c7f3cc4bf5d,4187
- completed:
    hackage: tagged-0.8.6.1@sha256:8a24aef29b8e35447ccc56658ea07c2aded30bfa8130ea057e382936e17c74a6,2874
    pantry-tree:
      size: 496
      sha256: 38c9b55d6918304b17a6c70a51ad9d981e9f64e08121482d9a801d4e4681a7db
  original:
    hackage: tagged-0.8.6.1@sha256:8a24aef29b8e35447ccc56658ea07c2aded30bfa8130ea057e382936e17c74a6,2874
- completed:
    hackage: text-short-0.1.5@sha256:962c6228555debdc46f758d0317dea16e5240d01419b42966674b08a5c3d8fa6,3498
    pantry-tree:
      size: 727
      sha256: 1fc6561c4acb94a41e58cd8f8c7cce161c18c5629dac63a54a9c62f9c778c52b
  original:
    hackage: text-short-0.1.5@sha256:962c6228555debdc46f758d0317dea16e5240d01419b42966674b08a5c3d8fa6,3498
- completed:
    hackage: th-abstraction-0.4.4.0@sha256:89aa9d81c94883c9e16c3534041f31949194011fdcf43be450f090bfb300b58d,2148
    pantry-tree:
      size: 670
      sha256: 4ba3b66edafbc0a947bf94033d66fdff72f19cd64da14f812bbf61064c865f46
  original:
    hackage: th-abstraction-0.4.4.0@sha256:89aa9d81c94883c9e16c3534041f31949194011fdcf43be450f090bfb300b58d,2148
- completed:
    hackage: time-compat-1.9.6.1@sha256:42d8f2e08e965e1718917d54ad69e1d06bd4b87d66c41dc7410f59313dba4ed1,5033
    pantry-tree:
      size: 4113
      sha256: b262c5ae8d72d2073d12e1de1863abd234fad8c138df28f32bb51bc232ced608
  original:
    hackage: time-compat-1.9.6.1@sha256:42d8f2e08e965e1718917d54ad69e1d06bd4b87d66c41dc7410f59313dba4ed1,5033
- completed:
    hackage: transformers-compat-0.7.2@sha256:044fb9955f63ee138fcebedfdcbe54afe741f2d5892a2d0bdf3a8052bd342643,5601
    pantry-tree:
      size: 1724
      sha256: f49610c6a2faf82111e5d4222576f4afbcfa904bf56665232c5aa077dfc7578f
  original:
    hackage: transformers-compat-0.7.2@sha256:044fb9955f63ee138fcebedfdcbe54afe741f2d5892a2d0bdf3a8052bd342643,5601
- completed:
    hackage: uuid-types-1.0.5@sha256:8447b8a08723877400da13b6329b3fb19ea9e4c20fabe62888841eb3708d7474,2608
    pantry-tree:
      size: 480
      sha256: 53d0b46a614d80bc1dfa5f51bffa7cab89a88dfe4f46d24b505cf696604f33b6
  original:
    hackage: uuid-types-1.0.5@sha256:8447b8a08723877400da13b6329b3fb19ea9e4c20fabe62888841eb3708d7474,2608
- completed:
    hackage: vector-0.13.0.0@sha256:ec337a1371bc306658e8338612e975f37a3f7700716441608b7afb66ae356d4c,8774
    pantry-tree:
      size: 4092
      sha256: 61263e71050e1c895bb67e4c0f05497419818e8e79b8bff9e3eabf17759e3232
  original:
    hackage: vector-0.13.0.0@sha256:ec337a1371bc306658e8338612e975f37a3f7700716441608b7afb66ae356d4c,8774
- completed:
    hackage: witherable-0.4.2@sha256:cccb36175e088abb4291ee5044b8c04d71acd5c36636902d2520f91508dd4bb8,2294
    pantry-tree:
      size: 384
      sha256: 614b5410bc909e3f230d440c9c2de812d77490c955929ff8e4eed592e7696fcf
  original:
    hackage: witherable-0.4.2@sha256:cccb36175e088abb4291ee5044b8c04d71acd5c36636902d2520f91508dd4bb8,2294
- completed:
    hackage: base-compat-0.12.1@sha256:20e50848d9dfee1523fafe8950060b04fae43d402c15553da5c7cacd116f7846,6960
    pantry-tree:
      size: 9038
      sha256: 2f2c14615443954f117613d77835234b598718e611fb4cf4522e01980bf1bcbd
  original:
    hackage: base-compat-0.12.1@sha256:20e50848d9dfee1523fafe8950060b04fae43d402c15553da5c7cacd116f7846,6960
- completed:
    hackage: base-orphans-0.8.6@sha256:eb6758d0160d607e0c45dbd6b196f515b9a589fd4f6d2f926929dd5d56282d37,3175
    pantry-tree:
      size: 1272
      sha256: f889d6903383305688e6e703982bfdc985649b7d4538429e44f98f99d8f73c07
  original:
    hackage: base-orphans-0.8.6@sha256:eb6758d0160d607e0c45dbd6b196f515b9a589fd4f6d2f926929dd5d56282d37,3175
- completed:
    hackage: bifunctors-5.5.12@sha256:be0f858c893274deab8aa21f9e43b2f5931d9419604f23f82bb5c8a5d9b2c3e9,3948
    pantry-tree:
      size: 1758
      sha256: 63073a0d1ebc4d3a3d59ed8b5a77c6510bc25f4b357e5c51df1bd772a41f591c
  original:
    hackage: bifunctors-5.5.12@sha256:be0f858c893274deab8aa21f9e43b2f5931d9419604f23f82bb5c8a5d9b2c3e9,3948
- completed:
    hackage: comonad-5.0.8@sha256:1f1aabd73ec7f80f20cf078a748a60cd48d8e57277802fdf6a9ab3601a9b8f7e,3631
    pantry-tree:
      size: 1618
      sha256: 394660fe7fa4127e5a181890bce28b9fcd6eb180ba25aa5566bc8b5bdd385517
  original:
    hackage: comonad-5.0.8@sha256:1f1aabd73ec7f80f20cf078a748a60cd48d8e57277802fdf6a9ab3601a9b8f7e,3631
- completed:
    hackage: contravariant-1.5.5@sha256:470ed0e040e879e2da4af1b2c8f94e199f6135852a8107858d5ae0a95365835f,3041
    pantry-tree:
      size: 652
      sha256: 9eb62fea28548dc8a0f60fd47c12843092b78b24ed771b8ad63a0bb34dba8bc4
  original:
    hackage: contravariant-1.5.5@sha256:470ed0e040e879e2da4af1b2c8f94e199f6135852a8107858d5ae0a95365835f,3041
- completed:
    hackage: distributive-0.6.2.1@sha256:0f99f5541cca04acf89b64432b03422b6408e830a8dff30e6c4334ef1a48680c,2996
    pantry-tree:
      size: 735
      sha256: a42bed5fe0ba295643538312dee6c9436314c05a6f7efdd32b4303979f8bd744
  original:
    hackage: distributive-0.6.2.1@sha256:0f99f5541cca04acf89b64432b03422b6408e830a8dff30e6c4334ef1a48680c,2996
- completed:
    hackage: indexed-traversable-instances-0.1.1@sha256:8b3f359bf1ffb73ab2a3327a6985b3587ae38f6b8f7705dccd724e118e63a598,3246
    pantry-tree:
      size: 480
      sha256: 5fd36ec0df3d99a44300b9b405256da4affc5c3608a620d3781466186f30118f
  original:
    hackage: indexed-traversable-instances-0.1.1@sha256:8b3f359bf1ffb73ab2a3327a6985b3587ae38f6b8f7705dccd724e118e63a598,3246
- completed:
    hackage: integer-logarithms-1.0.3.1@sha256:b65e11ec6f4b29c5278716da0544b951a49ab5310608df0fc41eec29f15691d9,3229
    pantry-tree:
      size: 865
      sha256: 804c8c0d77470f84640ee70c66155f770798e295c0a0572e41d071f69e24ca4e
  original:
    hackage: integer-logarithms-1.0.3.1@sha256:b65e11ec6f4b29c5278716da0544b951a49ab5310608df0fc41eec29f15691d9,3229
- completed:
    hackage: random-1.2.1.1@sha256:dea1f11e5569332dc6c8efaad1cb301016a5587b6754943a49f9de08ae0e56d9,6541
    pantry-tree:
      size: 1528
      sha256: 646ee77fe01178837ee928b61ae8653dcf190e9b5353ebebd094079c77a18b76
  original:
    hackage: random-1.2.1.1@sha256:dea1f11e5569332dc6c8efaad1cb301016a5587b6754943a49f9de08ae0e56d9,6541
- completed:
    hackage: splitmix-0.1.0.4@sha256:714a55fd28d3e2533bd5b49e74f604ef8e5d7b06f249c8816f6c54aed431dcf1,6483
    pantry-tree:
      size: 1519
      sha256: 79f4645c11b7a3861db0b596297f72804f509444d639a8fd7c0162b1ed80c578
  original:
    hackage: splitmix-0.1.0.4@sha256:714a55fd28d3e2533bd5b49e74f604ef8e5d7b06f249c8816f6c54aed431dcf1,6483
- completed:
    hackage: vector-stream-0.1.0.0@sha256:5500b39bd69ba5384638db0b451c8eaf40ef52544355741bd73436b0da9ec3a8,1336
    pantry-tree:
      size: 325
      sha256: 99de0751367cf53df872999edfb9e3c24207cf946442ccccf7487d74c7f12c1d
  original:
    hackage: vector-stream-0.1.0.0@sha256:5500b39bd69ba5384638db0b451c8eaf40ef52544355741bd73436b0da9ec3a8,1336
- completed:
    hackage: StateVar-1.2.2@sha256:3c022c00485fe165e3080d5da6b3ca9c9b02f62c5deebc584d1b3d1309ce673e,1673
    pantry-tree:
      size: 314
      sha256: 204cac98219e99334f47b12c565945611748ea03a4d629273dd697d738bcfd7f
  original:
    hackage: StateVar-1.2.2@sha256:3c022c00485fe165e3080d5da6b3ca9c9b02f62c5deebc584d1b3d1309ce673e,1673
- completed:
    hackage: pretty-terminal-0.1.0.0@sha256:e9135d86ebb2a8e3aaf5a79088de4628dbd49988388e0fbfc26c5ecb3c399ad9,1638
    pantry-tree:
      size: 385
      sha256: fecec01e618890c284e57cb873b8f9531f479562b7cf08497aef097da3ef90ec
  original:
    hackage: pretty-terminal-0.1.0.0@sha256:e9135d86ebb2a8e3aaf5a79088de4628dbd49988388e0fbfc26c5ecb3c399ad9,1638
- completed:
    hackage: lsp-types-1.5.0.0@sha256:7ed97bbc9290ad6ffb9b5a8e082226783c710fff9e4ca2df4c578b065997b1ea,4301
    pantry-tree:
      size: 4160
      sha256: e45ef86a4301beb45ae7ec527e69880944a03c2d959cb0a051bf58dd0a5579f4
  original:
    hackage: lsp-types-1.5.0.0@sha256:7ed97bbc9290ad6ffb9b5a8e082226783c710fff9e4ca2df4c578b065997b1ea
- completed:
    hackage: Diff-0.4.1@sha256:4f5dddf48a9d4c3d753f02474a409c05fadb10d1fc53e145be45a1dfdb7552e9,1330
    pantry-tree:
      size: 416
      sha256: ab05872459298cbaa74a8bcfa950f2afb9b41683f117372b9cbb2ef3a1055252
  original:
    hackage: Diff-0.4.1@sha256:4f5dddf48a9d4c3d753f02474a409c05fadb10d1fc53e145be45a1dfdb7552e9,1330
- completed:
    hackage: data-default-0.7.1.1@sha256:2804e8d14f521a1edee88b68b66347448e7f3b685868290fdc55930e4471f5a9,645
    pantry-tree:
      size: 212
      sha256: 1db0dcb6890feff1b87ea180a4c4a0611cda399a700822bd75970a2b7ad02dbc
  original:
    hackage: data-default-0.7.1.1@sha256:2804e8d14f521a1edee88b68b66347448e7f3b685868290fdc55930e4471f5a9,645
- completed:
    hackage: lens-5.1.1@sha256:c633a481e69bf911d9a6ed11ef156809db8b1d7c7d296fd03249b93be399e3a7,15015
    pantry-tree:
      size: 8214
      sha256: 559bc8cd8f16036142724a98acfa4b05684368e615dd3ff02dd3c7600bd3822c
  original:
    hackage: lens-5.1.1@sha256:c633a481e69bf911d9a6ed11ef156809db8b1d7c7d296fd03249b93be399e3a7,15015
- completed:
    hackage: mod-0.1.2.2@sha256:58bc3a1471bbbc55569bf61fd49b537c3e64b0a86dd79522ca1d7805400523ce,2248
    pantry-tree:
      size: 467
      sha256: 8ecb31ca19a860d23ba3f98534eeeab15fcd2f105f82917aaf0ad7b8c8a664ed
  original:
    hackage: mod-0.1.2.2@sha256:58bc3a1471bbbc55569bf61fd49b537c3e64b0a86dd79522ca1d7805400523ce,2248
- completed:
    hackage: network-3.1.2.7@sha256:e3d78b13db9512aeb106e44a334ab42b7aa48d26c097299084084cb8be5c5568,4888
    pantry-tree:
      size: 3971
      sha256: 1981a732d1917213de7f51d26255af733a61918c59eebb6c6f6ca939856839ef
  original:
    hackage: network-3.1.2.7@sha256:e3d78b13db9512aeb106e44a334ab42b7aa48d26c097299084084cb8be5c5568,4888
- completed:
    hackage: network-uri-2.6.4.1@sha256:a4765164ed0a2d1668446eb2e03460ce98645fbf083598c690846af79b7de10d,2936
    pantry-tree:
      size: 551
      sha256: 68ccb16e252378b2ee6da3e076f6eb55dd7928f0d4dd8beb1969433e9bf6f549
  original:
    hackage: network-uri-2.6.4.1@sha256:a4765164ed0a2d1668446eb2e03460ce98645fbf083598c690846af79b7de10d,2936
- completed:
    hackage: some-1.0.4@sha256:b9779fdad2c44cdcaacd51e93dda66746cdbaeee5d7f934d71630cf313310bc8,2359
    pantry-tree:
      size: 709
      sha256: e9c4e8a069ab5688829c110cd22cadf168215f5ba53791feee68ed82919376aa
  original:
    hackage: some-1.0.4@sha256:b9779fdad2c44cdcaacd51e93dda66746cdbaeee5d7f934d71630cf313310bc8,2359
- completed:
    hackage: call-stack-0.4.0@sha256:ac44d2c00931dc20b01750da8c92ec443eb63a7231e8550188cb2ac2385f7feb,1200
    pantry-tree:
      size: 501
      sha256: 04134fa69cdd824b4e4bb7f77e7173e0705f27deabdbbf99549c549400191e1e
  original:
    hackage: call-stack-0.4.0@sha256:ac44d2c00931dc20b01750da8c92ec443eb63a7231e8550188cb2ac2385f7feb,1200
- completed:
    hackage: data-default-instances-containers-0.0.1@sha256:6e1f4b28028a3bc455aaf4b5a9104b71ea72cff78b1b8041863df7afd1a8deb3,527
    pantry-tree:
      size: 254
      sha256: 3e61b45fb5aa231cff29025b1d36561d7d6b17fa91cdddd15d854615a3fe1ae0
  original:
    hackage: data-default-instances-containers-0.0.1@sha256:6e1f4b28028a3bc455aaf4b5a9104b71ea72cff78b1b8041863df7afd1a8deb3,527
- completed:
    hackage: data-default-instances-dlist-0.0.1@sha256:4286abacbb256c392907701be16986a6e07f2beaf2778e7bd925465655d9e301,507
    pantry-tree:
      size: 244
      sha256: 705ebc2408e66631dac47e400fd963deaefe8a55de662b5f1950c47a590632ce
  original:
    hackage: data-default-instances-dlist-0.0.1@sha256:4286abacbb256c392907701be16986a6e07f2beaf2778e7bd925465655d9e301,507
- completed:
    hackage: data-default-instances-old-locale-0.0.1@sha256:d4a757f68f0f83531fcb34a4525fe6769c54a45182e28ffdfff19c2b0ace42fb,526
    pantry-tree:
      size: 253
      sha256: 91a62d701bea1432cc0126dd25005a4480e4a5082b2fae5e9d36f96fb8bbffb5
  original:
    hackage: data-default-instances-old-locale-0.0.1@sha256:d4a757f68f0f83531fcb34a4525fe6769c54a45182e28ffdfff19c2b0ace42fb,526
- completed:
    hackage: free-5.1.9@sha256:f4cef1f00b5686b4c93a4ed2306ebfa8fe27c5bd10adb8c57dfaf86f3bf3768c,5168
    pantry-tree:
      size: 3308
      sha256: b3e50f71d8775e3ca1c174874db3737ff6538d34c5b69a4787281b668e6d1457
  original:
    hackage: free-5.1.9@sha256:f4cef1f00b5686b4c93a4ed2306ebfa8fe27c5bd10adb8c57dfaf86f3bf3768c,5168
- completed:
    hackage: kan-extensions-5.2.5@sha256:6c67ff1ee6426461175619c350e99c189ded30490f795b8327d3a2275f0c551d,2950
    pantry-tree:
      size: 1421
      sha256: b8784ccdde49cec7782f6492ef3fa4055052e598ac175e741dbaa172b5028864
  original:
    hackage: kan-extensions-5.2.5@sha256:6c67ff1ee6426461175619c350e99c189ded30490f795b8327d3a2275f0c551d,2950
- completed:
    hackage: parallel-3.2.2.0@sha256:19ff631f3a26ee7cf0603e2b80fc375d77d3f350ae460ae72fe4cf5da665c90b,1821
    pantry-tree:
      size: 392
      sha256: d6a417b6076136ea30d825c9239f44c2f007e0050f58bff57d2aac80359e5287
  original:
    hackage: parallel-3.2.2.0@sha256:19ff631f3a26ee7cf0603e2b80fc375d77d3f350ae460ae72fe4cf5da665c90b,1821
- completed:
    hackage: profunctors-5.6.2@sha256:3d3685119243a7ebf984fa6af03299d156ab7674a432e2e15ecee2a4fd420fb6,2483
    pantry-tree:
      size: 1588
      sha256: 2a839845b75d600ab5a51c582a740de87805f794caa5836b6a16250d9b535789
  original:
    hackage: profunctors-5.6.2@sha256:3d3685119243a7ebf984fa6af03299d156ab7674a432e2e15ecee2a4fd420fb6,2483
- completed:
    hackage: reflection-2.1.6@sha256:f41afef54a696377bb7591e12969a56e7a4a1cf1d2a32210ab24c6a7aa9bd7ae,4116
    pantry-tree:
      size: 1062
      sha256: 3d40dd538ec28c67f9c08c69199d6c4848cf9d0898092d45add9d006f00d788c
  original:
    hackage: reflection-2.1.6@sha256:f41afef54a696377bb7591e12969a56e7a4a1cf1d2a32210ab24c6a7aa9bd7ae,4116
- completed:
    hackage: semirings-0.6@sha256:cc8767bc62b9ff7bbef070ac206b070b173a8612a781eff2d87a14a01cf406b0,2668
    pantry-tree:
      size: 610
      sha256: b1051b00287ab6d6617fd77248029eea2e556f949c2bf89b64883c457d56005c
  original:
    hackage: semirings-0.6@sha256:cc8767bc62b9ff7bbef070ac206b070b173a8612a781eff2d87a14a01cf406b0,2668
- completed:
    hackage: th-compat-0.1.4@sha256:6ca77c4e80b4e4109e30549c269631a9cc295c8fc2431ce4123972a5f80f7bfc,3135
    pantry-tree:
      size: 530
      sha256: 263eba2c771ba43657c15c4f0b1989d88b92ba6acdba6f854b0dcc97366739f1
  original:
    hackage: th-compat-0.1.4@sha256:6ca77c4e80b4e4109e30549c269631a9cc295c8fc2431ce4123972a5f80f7bfc,3135
- completed:
    hackage: adjunctions-4.4.1@sha256:baee1b1c55f3072611b8d386a2985c8fbd50e96ee0e6d865ba72b294b9081055,3250
    pantry-tree:
      size: 1391
      sha256: a7664f107f41bfbceb029310dae9fe5d06a33820a3c6970cdf0624916e339afd
  original:
    hackage: adjunctions-4.4.1@sha256:baee1b1c55f3072611b8d386a2985c8fbd50e96ee0e6d865ba72b294b9081055,3250
- completed:
    hackage: invariant-0.6@sha256:67ecd31a36c3a9a686a8bee9dbee5a395a4c68b758262413c0355bae03a5a114,3563
    pantry-tree:
      size: 650
      sha256: 891bd4f57f67034760437dd19387122b236f1141151ed8f62682b3088ad85e20
  original:
    hackage: invariant-0.6@sha256:67ecd31a36c3a9a686a8bee9dbee5a395a4c68b758262413c0355bae03a5a114,3563
- completed:
    hackage: old-locale-1.0.0.7@sha256:fa998be2c7e00cd26a6e9075bea790caaf3932caa3e9497ad69bc20380dd6911,1071
    pantry-tree:
      size: 263
      sha256: 462ef15cb35164d585aa3860f717c9685fbf05578330490860abd544381d2e24
  original:
    hackage: old-locale-1.0.0.7@sha256:fa998be2c7e00cd26a6e9075bea790caaf3932caa3e9497ad69bc20380dd6911,1071
- completed:
    hackage: transformers-base-0.4.6@sha256:6f18f320e371c8954c4b6b211e2fdd5d15a6d6310bd605b9d640f47ede408961,1643
    pantry-tree:
      size: 275
      sha256: 6c2d24a9678865e2a5f4b6286cb17228673a6987fb546bf07b89ffbd19716ad2
  original:
    hackage: transformers-base-0.4.6@sha256:6f18f320e371c8954c4b6b211e2fdd5d15a6d6310bd605b9d640f47ede408961,1643
- completed:
    hackage: semigroups-0.20@sha256:925341e6f7eb104cb490bef06eab93bb7995c7c67c51ee938185a2ddefa7aaf2,6333
    pantry-tree:
      size: 481
      sha256: d4d3f0b32a68cf8808fcb8d2de117ab9ec09dbfec93a297aa3d386ca79a0fe05
  original:
    hackage: semigroups-0.20@sha256:925341e6f7eb104cb490bef06eab93bb7995c7c67c51ee938185a2ddefa7aaf2,6333
- completed:
    hackage: void-0.7.3@sha256:13d30f62fcdf065e595d679d4ac8b4b0c1bb1a1b73db7b5b5a8f857cb5c8a546,1857
    pantry-tree:
      size: 584
      sha256: 5730b45e857424c97d24ee1cf530be1fc782cd000221ac97b5568be886cbbc2b
  original:
    hackage: void-0.7.3@sha256:13d30f62fcdf065e595d679d4ac8b4b0c1bb1a1b73db7b5b5a8f857cb5c8a546,1857
- completed:
    hackage: json-rpc-1.0.4@sha256:e6805381c86fdfc782102b1aa7e3708e89492f986c8e553d953b0fa21f790a0c,3510
    pantry-tree:
      size: 853
      sha256: df55a5a0556e2e32300ec182a72b95cb8719f005cc45e20a7b1ed0527378178a
  original:
    hackage: json-rpc-1.0.4@sha256:e6805381c86fdfc782102b1aa7e3708e89492f986c8e553d953b0fa21f790a0c,3510
- completed:
    hackage: monad-logger-0.3.36@sha256:1863168667967ed5898870ad4faa963379fedb7f6d01bfae023d9cc3f9e4e592,1873
    pantry-tree:
      size: 396
      sha256: 146be7c0f788020203aca62ba51d73873b2f40d16b791e8ea2810b400121efc5
  original:
    hackage: monad-logger-0.3.36@sha256:1863168667967ed5898870ad4faa963379fedb7f6d01bfae023d9cc3f9e4e592,1873
- completed:
    hackage: conduit-1.3.4.2@sha256:92165c9fc22f4e8c75b936b8ed4739360e8318bec2a05cd2c8c5b293d126b477,5129
    pantry-tree:
      size: 1957
      sha256: 8f5f18d84acb44440b7de5df4a02c2954a5c25c38b86268cdccb055ed4ee5e8b
  original:
    hackage: conduit-1.3.4.2@sha256:92165c9fc22f4e8c75b936b8ed4739360e8318bec2a05cd2c8c5b293d126b477,5129
- completed:
    hackage: conduit-extra-1.3.6@sha256:83303e6fea78a683fdbb41682fc8dbc47b1d8830da1f09e88940f9a744a7f984,4355
    pantry-tree:
      size: 2332
      sha256: af351369329e815381147ccb834deaac9c942d7526528103b1426a3b1130f0da
  original:
    hackage: conduit-extra-1.3.6@sha256:83303e6fea78a683fdbb41682fc8dbc47b1d8830da1f09e88940f9a744a7f984,4355
- completed:
    hackage: fast-logger-3.1.1@sha256:9ffbb0d475edf6c3ed13cae0b24202a22a1a29848d9810785849f1f2332b6ee1,2398
    pantry-tree:
      size: 1148
      sha256: a3e9413b93e9a6ed6f786ba03866a7c9a3f04c0cd2a575d8b443338fdd55a0d6
  original:
    hackage: fast-logger-3.1.1@sha256:9ffbb0d475edf6c3ed13cae0b24202a22a1a29848d9810785849f1f2332b6ee1,2398
- completed:
    hackage: lifted-base-0.2.3.12@sha256:e94ad0692c9c5d85c373e508f23654f2da8ac8c3e475c2b65ffbc04fb165ad69,3369
    pantry-tree:
      size: 1129
      sha256: a1d78bdab90ed2863854f825f6ab277e5df0af856fec06ac1c39131e8019aef5
  original:
    hackage: lifted-base-0.2.3.12@sha256:e94ad0692c9c5d85c373e508f23654f2da8ac8c3e475c2b65ffbc04fb165ad69,3369
- completed:
    hackage: monad-control-1.0.3.1@sha256:2d657279839e1a760c86a69f00f0c36473ef6972d413ec0f83a40249c70e098e,2365
    pantry-tree:
      size: 292
      sha256: f6b2e10b7ad03cbc2bd1df28543c9d514d54bd39833e318b48e5f0998d876df5
  original:
    hackage: monad-control-1.0.3.1@sha256:2d657279839e1a760c86a69f00f0c36473ef6972d413ec0f83a40249c70e098e,2365
- completed:
    hackage: monad-loops-0.4.3@sha256:ada4f1295ece07f9a7398bc5b40c4532f95a733a8604d2a2f57f05f878766df2,1751
    pantry-tree:
      size: 243
      sha256: c8d919cbf7cda1c8551534cb17844c56cbfcbf1b18667b1a0700b97c87ff5059
  original:
    hackage: monad-loops-0.4.3@sha256:ada4f1295ece07f9a7398bc5b40c4532f95a733a8604d2a2f57f05f878766df2,1751
- completed:
    hackage: resourcet-1.2.6@sha256:0c55be13d24c1e9c1e6d82327ac039a0bf41469c456e3ae678efa8a9beda3a74,1739
    pantry-tree:
      size: 648
      sha256: 397267a06a83fafe7a5a89eb68bdb4eb55421e7557deb21133b720389028b3aa
  original:
    hackage: resourcet-1.2.6@sha256:0c55be13d24c1e9c1e6d82327ac039a0bf41469c456e3ae678efa8a9beda3a74,1739
- completed:
    hackage: stm-chans-3.0.0.6@sha256:146039ef0f5331e796165305198c66c91d61a4fc56219914401cab50f1cf0679,2239
    pantry-tree:
      size: 689
      sha256: 57f6821bb3f67013274e7d65a039ef21902c149daade08c59548df293d326a03
  original:
    hackage: stm-chans-3.0.0.6@sha256:146039ef0f5331e796165305198c66c91d61a4fc56219914401cab50f1cf0679,2239
- completed:
    hackage: stm-conduit-4.0.1@sha256:71f477c617400fb5bee74557416d7dac17dccea0663ec29bf9ca67b52703637d,2248
    pantry-tree:
      size: 591
      sha256: 2047a958249d4af98b507e4b1db5594b4e477b83644ff1b9e6ef860f4c09af92
  original:
    hackage: stm-conduit-4.0.1@sha256:71f477c617400fb5bee74557416d7dac17dccea0663ec29bf9ca67b52703637d,2248
- completed:
    hackage: unliftio-0.2.22.0@sha256:2a3f0298a293c48eddd10c25cbbd6206b6e745cee2e648e48e16531a3ef21ce8,3314
    pantry-tree:
      size: 2423
      sha256: bac61d98c6852bb5f80eabb0a82369f3b2760b965f66fd52738b1e22b1362798
  original:
    hackage: unliftio-0.2.22.0@sha256:2a3f0298a293c48eddd10c25cbbd6206b6e745cee2e648e48e16531a3ef21ce8,3314
- completed:
    hackage: unliftio-core-0.2.0.1@sha256:f9abcdd3f3d28e4840563efb7b8760d2de9b5707bcd6f53a87f6a0d77bb5a9f7,1082
    pantry-tree:
      size: 328
      sha256: 9955bc1336dd07c94928892f1a97aed6e5fe63a4242f089a0efd2e95174490ea
  original:
    hackage: unliftio-core-0.2.0.1@sha256:f9abcdd3f3d28e4840563efb7b8760d2de9b5707bcd6f53a87f6a0d77bb5a9f7,1082
- completed:
    hackage: async-2.2.4@sha256:b83dec34a53520de84c6dd3dc7aae45d22409b46eb471c478b98108215a370f0,3095
    pantry-tree:
      size: 501
      sha256: 08b8a9f8d2e27d51b04fb9c14f65e1209c7f24160d2a4557963900edb2c0f07d
  original:
    hackage: async-2.2.4@sha256:b83dec34a53520de84c6dd3dc7aae45d22409b46eb471c478b98108215a370f0,3095
- completed:
    hackage: auto-update-0.1.6@sha256:10adca282e131a2fa01fb7a411b02811685c1cea02e9813df2d7fb468b5ef638,1373
    pantry-tree:
      size: 828
      sha256: 5e27352ca8e89e569204445b3f7be4951afbcd10cbac701ece75d2070cbed130
  original:
    hackage: auto-update-0.1.6@sha256:10adca282e131a2fa01fb7a411b02811685c1cea02e9813df2d7fb468b5ef638,1373
- completed:
    hackage: cereal-0.5.8.2@sha256:fe7d9a6426eacbe12351afe9642daedcb64fa29eda56118a65915f1c14df0d9a,2863
    pantry-tree:
      size: 641
      sha256: 28597366f0addd7269ea90fa215b05fc68889240fb28c87bd214d7ce99c169f7
  original:
    hackage: cereal-0.5.8.2@sha256:fe7d9a6426eacbe12351afe9642daedcb64fa29eda56118a65915f1c14df0d9a,2863
- completed:
    hackage: cereal-conduit-0.8.0@sha256:ec62bcd3f5485dd7af4162483de165da9104fb29284b350d5b28da25dea0bec6,1553
    pantry-tree:
      size: 447
      sha256: 2ac4578e114faac366b051a02f0cb4470169194eda4228e24715f55606446644
  original:
    hackage: cereal-conduit-0.8.0@sha256:ec62bcd3f5485dd7af4162483de165da9104fb29284b350d5b28da25dea0bec6,1553
- completed:
    hackage: easy-file-0.2.2@sha256:72303120495a9fed82276a7987434361edd6dfecafad241d7c6c03b68e4801e5,1048
    pantry-tree:
      size: 417
      sha256: 218acf3e0001825c43d70948e42a7b702de342fa34eab6fd41dd035a2f6ce8cf
  original:
    hackage: easy-file-0.2.2@sha256:72303120495a9fed82276a7987434361edd6dfecafad241d7c6c03b68e4801e5,1048
- completed:
    hackage: mono-traversable-1.0.15.3@sha256:059bf3c05cdbef2d06b765333fe41c2168ced2503a23de674e2a59ceb2548c48,2060
    pantry-tree:
      size: 710
      sha256: 20193844369b5e6e0ed2c0df9946db5bd65a6206e3cc9f7cf059523e27a818b8
  original:
    hackage: mono-traversable-1.0.15.3@sha256:059bf3c05cdbef2d06b765333fe41c2168ced2503a23de674e2a59ceb2548c48,2060
- completed:
    hackage: streaming-commons-0.2.2.4@sha256:cda37e6d0320ef05160bac35c180b3e980f9267bf00393af6578a632f1ea8429,4751
    pantry-tree:
      size: 2947
      sha256: 711456a76d9decbb1a18111503b20b2613ad0fcbd1da0d35f7e74ca406317b68
  original:
    hackage: streaming-commons-0.2.2.4@sha256:cda37e6d0320ef05160bac35c180b3e980f9267bf00393af6578a632f1ea8429,4751
- completed:
    hackage: typed-process-0.2.10.1@sha256:cc35b76f2ce32c708cb2f68a1c4f661a8138196d958e34a2f214208333a73f46,2070
    pantry-tree:
      size: 529
      sha256: b3d6511483d5c869fdfb7220dc13b205730502162a1f6bdca9307a676f3fcb8c
  original:
    hackage: typed-process-0.2.10.1@sha256:cc35b76f2ce32c708cb2f68a1c4f661a8138196d958e34a2f214208333a73f46,2070
- completed:
    hackage: unix-compat-0.6@sha256:db47d4ad77f3f865d162a531d9b759ed30e2722710a8358aa6df1d3fcf83f552,3569
    pantry-tree:
      size: 1267
      sha256: 530668be5ded77879c925433ec40e1e4f4a9113a8527410f8f282d3cf92eb950
  original:
    hackage: unix-compat-0.6@sha256:db47d4ad77f3f865d162a531d9b759ed30e2722710a8358aa6df1d3fcf83f552,3569
- completed:
    hackage: unix-time-0.4.7@sha256:c0d971d04561875b908451c563df8728fe6d8639c90e070b244227f13f76ab8e,2570
    pantry-tree:
      size: 1073
      sha256: bc28cbe467d99caa6399e7cd85cf33548776bbd2c1e91369fe10268c9de546e6
  original:
    hackage: unix-time-0.4.7@sha256:c0d971d04561875b908451c563df8728fe6d8639c90e070b244227f13f76ab8e,2570
- completed:
    hackage: old-time-1.1.0.3@sha256:c91fbb3ee73d20ccd015842b30f1f29a304893ebe0ae3128b7bbc13d5bb0d4c8,1328
    pantry-tree:
      size: 810
      sha256: 890bbbdf4175a409efd7c7c9fe153b71680e33bebeb74c9351d7d9d3a59d3d0e
  original:
    hackage: old-time-1.1.0.3@sha256:c91fbb3ee73d20ccd015842b30f1f29a304893ebe0ae3128b7bbc13d5bb0d4c8,1328
- completed:
    hackage: split-0.2.3.4@sha256:a6df9c3e806ee7cb50bc980a183fc1156f35022a39430dabac0bf9456fe18a4b,2647
    pantry-tree:
      size: 439
      sha256: 4e7559f1be32a70cdbdb96d14db768561dd36b8fdff36b3ffac94751f5b5ae6d
  original:
    hackage: split-0.2.3.4@sha256:a6df9c3e806ee7cb50bc980a183fc1156f35022a39430dabac0bf9456fe18a4b,2647
- completed:
    hackage: vector-algorithms-0.9.0.1@sha256:c8c86f969bad1c279d17f9be9d450c3324278c0323231602e101b500a69163f9,3652
    pantry-tree:
      size: 1510
      sha256: bb57212deb9e7b74161059ab2b1a53bb0ccf1f5a5c7e28c69efad4e9e7c2510f
  original:
    hackage: vector-algorithms-0.9.0.1@sha256:c8c86f969bad1c279d17f9be9d450c3324278c0323231602e101b500a69163f9,3652
- completed:
    hackage: zlib-0.6.3.0@sha256:8214a9d37580f17f8b675109578a5dbe6853559eef156e34dc2233f1123ace33,5216
    pantry-tree:
      size: 2622
      sha256: 87b7fd16379d679eb01d9fae78b4db97356d301fce4a040ba9e690d16eeb98b2
  original:
    hackage: zlib-0.6.3.0@sha256:8214a9d37580f17f8b675109578a5dbe6853559eef156e34dc2233f1123ace33,5216
- completed:
    hackage: bitvec-1.1.3.0@sha256:54fea850c9e3d3f8f771d569c0c2b339f2dea1085b6cb9da108bce6594dc9682,4188
    pantry-tree:
      size: 2388
      sha256: 22d5a9218f251361e7ffb86ebd1aa72f8d6f5e29d63e1d5ef31dfc2ceb5e843e
  original:
    hackage: bitvec-1.1.3.0@sha256:54fea850c9e3d3f8f771d569c0c2b339f2dea1085b6cb9da108bce6594dc9682,4188
snapshots: []
